
Microsoft Visual Studio Solution File, Format Version 12.00
# Visual Studio Version 17
VisualStudioVersion = 17.14.36717.8 d17.14
MinimumVisualStudioVersion = 10.0.40219.1
Project("{FAE04EC0-301F-11D3-BF4B-00C04F79EFBC}") = "MauiApp1", "MauiApp1\MauiApp1.csproj", "{3EDB295F-40E3-4673-AAE7-B2D45A2A1BB8}"
EndProject
Global
	GlobalSection(SolutionConfigurationPlatforms) = preSolution
		Debug|Any CPU = Debug|Any CPU
		Release|Any CPU = Release|Any CPU
	EndGlobalSection
	GlobalSection(ProjectConfigurationPlatforms) = postSolution
		{3EDB295F-40E3-4673-AAE7-B2D45A2A1BB8}.Debug|Any CPU.ActiveCfg = Debug|Any CPU
		{3EDB295F-40E3-4673-AAE7-B2D45A2A1BB8}.Debug|Any CPU.Build.0 = Debug|Any CPU
		{3EDB295F-40E3-4673-AAE7-B2D45A2A1BB8}.Release|Any CPU.ActiveCfg = Release|Any CPU
		{3EDB295F-40E3-4673-AAE7-B2D45A2A1BB8}.Release|Any CPU.Build.0 = Release|Any CPU
	EndGlobalSection
	GlobalSection(SolutionProperties) = preSolution
		HideSolutionNode = FALSE
	EndGlobalSection
	GlobalSection(ExtensibilityGlobals) = postSolution
		SolutionGuid = {53292663-C30A-4359-863C-6F518D3BFB83}
	EndGlobalSection
EndGlobal
